
Microsoft Visual Studio Solution File, Format Version 12.00
# Visual Studio Version 17
VisualStudioVersion = 17.4.33122.133
MinimumVisualStudioVersion = 10.0.40219.1
Project("{FAE04EC0-301F-11D3-BF4B-00C04F79EFBC}") = "HTML_CSS", "HTML_CSS\HTML_CSS.csproj", "{6D10F8E9-9E1C-421D-848B-B96A5A207FFF}"
EndProject
Global
	GlobalSection(SolutionConfigurationPlatforms) = preSolution
		Debug|Any CPU = Debug|Any CPU
		Release|Any CPU = Release|Any CPU
	EndGlobalSection
	GlobalSection(ProjectConfigurationPlatforms) = postSolution
		{6D10F8E9-9E1C-421D-848B-B96A5A207FFF}.Debug|Any CPU.ActiveCfg = Debug|Any CPU
		{6D10F8E9-9E1C-421D-848B-B96A5A207FFF}.Debug|Any CPU.Build.0 = Debug|Any CPU
		{6D10F8E9-9E1C-421D-848B-B96A5A207FFF}.Release|Any CPU.ActiveCfg = Release|Any CPU
		{6D10F8E9-9E1C-421D-848B-B96A5A207FFF}.Release|Any CPU.Build.0 = Release|Any CPU
	EndGlobalSection
	GlobalSection(SolutionProperties) = preSolution
		HideSolutionNode = FALSE
	EndGlobalSection
	GlobalSection(ExtensibilityGlobals) = postSolution
		SolutionGuid = {0D1171F5-4F56-4398-BDA8-0A0C187FF485}
	EndGlobalSection
EndGlobal
