
Microsoft Visual Studio Solution File, Format Version 12.00
# Visual Studio Version 17
VisualStudioVersion = 17.4.33122.133
MinimumVisualStudioVersion = 10.0.40219.1
Project("{9A19103F-16F7-4668-BE54-9A1E7A4F7556}") = "HW 2.1", "HW 2.1\HW 2.1.csproj", "{2BACC30A-7913-47F8-B22D-762508ABA130}"
EndProject
Project("{9A19103F-16F7-4668-BE54-9A1E7A4F7556}") = "HW3", "HW3\HW3.csproj", "{C60D5F09-D2FF-419D-B40F-F7899DDC78F6}"
EndProject
Project("{9A19103F-16F7-4668-BE54-9A1E7A4F7556}") = "Tests", "Tests\Tests.csproj", "{8761FFB8-A617-4904-B417-7F792F71FC58}"
EndProject
Project("{FAE04EC0-301F-11D3-BF4B-00C04F79EFBC}") = "HW4", "HW4\HW4.csproj", "{49B6C3A3-23EA-4396-B6F0-F9E7459B26D7}"
EndProject
Global
	GlobalSection(SolutionConfigurationPlatforms) = preSolution
		Debug|Any CPU = Debug|Any CPU
		Release|Any CPU = Release|Any CPU
	EndGlobalSection
	GlobalSection(ProjectConfigurationPlatforms) = postSolution
		{2BACC30A-7913-47F8-B22D-762508ABA130}.Debug|Any CPU.ActiveCfg = Debug|Any CPU
		{2BACC30A-7913-47F8-B22D-762508ABA130}.Debug|Any CPU.Build.0 = Debug|Any CPU
		{2BACC30A-7913-47F8-B22D-762508ABA130}.Release|Any CPU.ActiveCfg = Release|Any CPU
		{2BACC30A-7913-47F8-B22D-762508ABA130}.Release|Any CPU.Build.0 = Release|Any CPU
		{C60D5F09-D2FF-419D-B40F-F7899DDC78F6}.Debug|Any CPU.ActiveCfg = Debug|Any CPU
		{C60D5F09-D2FF-419D-B40F-F7899DDC78F6}.Debug|Any CPU.Build.0 = Debug|Any CPU
		{C60D5F09-D2FF-419D-B40F-F7899DDC78F6}.Release|Any CPU.ActiveCfg = Release|Any CPU
		{C60D5F09-D2FF-419D-B40F-F7899DDC78F6}.Release|Any CPU.Build.0 = Release|Any CPU
		{8761FFB8-A617-4904-B417-7F792F71FC58}.Debug|Any CPU.ActiveCfg = Debug|Any CPU
		{8761FFB8-A617-4904-B417-7F792F71FC58}.Debug|Any CPU.Build.0 = Debug|Any CPU
		{8761FFB8-A617-4904-B417-7F792F71FC58}.Release|Any CPU.ActiveCfg = Release|Any CPU
		{8761FFB8-A617-4904-B417-7F792F71FC58}.Release|Any CPU.Build.0 = Release|Any CPU
		{49B6C3A3-23EA-4396-B6F0-F9E7459B26D7}.Debug|Any CPU.ActiveCfg = Debug|Any CPU
		{49B6C3A3-23EA-4396-B6F0-F9E7459B26D7}.Debug|Any CPU.Build.0 = Debug|Any CPU
		{49B6C3A3-23EA-4396-B6F0-F9E7459B26D7}.Release|Any CPU.ActiveCfg = Release|Any CPU
		{49B6C3A3-23EA-4396-B6F0-F9E7459B26D7}.Release|Any CPU.Build.0 = Release|Any CPU
	EndGlobalSection
	GlobalSection(SolutionProperties) = preSolution
		HideSolutionNode = FALSE
	EndGlobalSection
	GlobalSection(ExtensibilityGlobals) = postSolution
		SolutionGuid = {1144D526-C087-4158-8731-8DFF7C0A43B2}
	EndGlobalSection
EndGlobal
