
Microsoft Visual Studio Solution File, Format Version 12.00
# Visual Studio Version 17
VisualStudioVersion = 17.4.33122.133
MinimumVisualStudioVersion = 10.0.40219.1
Project("{9A19103F-16F7-4668-BE54-9A1E7A4F7556}") = "HW 2.1", "HW 2.1\HW 2.1.csproj", "{2BACC30A-7913-47F8-B22D-762508ABA130}"
EndProject
Project("{9A19103F-16F7-4668-BE54-9A1E7A4F7556}") = "HW3", "HW3\HW3.csproj", "{C60D5F09-D2FF-419D-B40F-F7899DDC78F6}"
EndProject
Project("{9A19103F-16F7-4668-BE54-9A1E7A4F7556}") = "Tests", "Tests\Tests.csproj", "{8761FFB8-A617-4904-B417-7F792F71FC58}"
EndProject
Project("{9A19103F-16F7-4668-BE54-9A1E7A4F7556}") = "HW4", "HW4\HW4.csproj", "{49B6C3A3-23EA-4396-B6F0-F9E7459B26D7}"
EndProject
Project("{9A19103F-16F7-4668-BE54-9A1E7A4F7556}") = "HW_Additional_1.4", "HW_Additional_1.4\HW_Additional_1.4.csproj", "{4F3F84B2-D01D-4BD5-9F5B-A91C7C9727FD}"
EndProject
Project("{9A19103F-16F7-4668-BE54-9A1E7A4F7556}") = "HW5", "HW5\HW5.csproj", "{B8AF947C-1BD5-4D8B-A657-B5E44071DE46}"
EndProject
Project("{9A19103F-16F7-4668-BE54-9A1E7A4F7556}") = "HW_Additional_5", "HW_Additional_5\HW_Additional_5.csproj", "{F77718D0-38E4-4B24-8015-E947FB6CD5F2}"
EndProject
Project("{9A19103F-16F7-4668-BE54-9A1E7A4F7556}") = "HW6", "HW6\HW6.csproj", "{9F4D95AC-20B5-4429-B5ED-979486B42E0E}"
EndProject
Project("{9A19103F-16F7-4668-BE54-9A1E7A4F7556}") = "HW7", "HW7\HW7.csproj", "{F92D54B8-6933-470B-9E2C-16B48D6894FD}"
EndProject
Project("{FAE04EC0-301F-11D3-BF4B-00C04F79EFBC}") = "HW8", "HW8\HW8.csproj", "{B1F6B1F0-9D63-424E-B959-60FC8DDD7843}"
EndProject
Global
	GlobalSection(SolutionConfigurationPlatforms) = preSolution
		Debug|Any CPU = Debug|Any CPU
		Release|Any CPU = Release|Any CPU
	EndGlobalSection
	GlobalSection(ProjectConfigurationPlatforms) = postSolution
		{2BACC30A-7913-47F8-B22D-762508ABA130}.Debug|Any CPU.ActiveCfg = Debug|Any CPU
		{2BACC30A-7913-47F8-B22D-762508ABA130}.Debug|Any CPU.Build.0 = Debug|Any CPU
		{2BACC30A-7913-47F8-B22D-762508ABA130}.Release|Any CPU.ActiveCfg = Release|Any CPU
		{2BACC30A-7913-47F8-B22D-762508ABA130}.Release|Any CPU.Build.0 = Release|Any CPU
		{C60D5F09-D2FF-419D-B40F-F7899DDC78F6}.Debug|Any CPU.ActiveCfg = Debug|Any CPU
		{C60D5F09-D2FF-419D-B40F-F7899DDC78F6}.Debug|Any CPU.Build.0 = Debug|Any CPU
		{C60D5F09-D2FF-419D-B40F-F7899DDC78F6}.Release|Any CPU.ActiveCfg = Release|Any CPU
		{C60D5F09-D2FF-419D-B40F-F7899DDC78F6}.Release|Any CPU.Build.0 = Release|Any CPU
		{8761FFB8-A617-4904-B417-7F792F71FC58}.Debug|Any CPU.ActiveCfg = Debug|Any CPU
		{8761FFB8-A617-4904-B417-7F792F71FC58}.Debug|Any CPU.Build.0 = Debug|Any CPU
		{8761FFB8-A617-4904-B417-7F792F71FC58}.Release|Any CPU.ActiveCfg = Release|Any CPU
		{8761FFB8-A617-4904-B417-7F792F71FC58}.Release|Any CPU.Build.0 = Release|Any CPU
		{49B6C3A3-23EA-4396-B6F0-F9E7459B26D7}.Debug|Any CPU.ActiveCfg = Debug|Any CPU
		{49B6C3A3-23EA-4396-B6F0-F9E7459B26D7}.Debug|Any CPU.Build.0 = Debug|Any CPU
		{49B6C3A3-23EA-4396-B6F0-F9E7459B26D7}.Release|Any CPU.ActiveCfg = Release|Any CPU
		{49B6C3A3-23EA-4396-B6F0-F9E7459B26D7}.Release|Any CPU.Build.0 = Release|Any CPU
		{4F3F84B2-D01D-4BD5-9F5B-A91C7C9727FD}.Debug|Any CPU.ActiveCfg = Debug|Any CPU
		{4F3F84B2-D01D-4BD5-9F5B-A91C7C9727FD}.Debug|Any CPU.Build.0 = Debug|Any CPU
		{4F3F84B2-D01D-4BD5-9F5B-A91C7C9727FD}.Release|Any CPU.ActiveCfg = Release|Any CPU
		{4F3F84B2-D01D-4BD5-9F5B-A91C7C9727FD}.Release|Any CPU.Build.0 = Release|Any CPU
		{B8AF947C-1BD5-4D8B-A657-B5E44071DE46}.Debug|Any CPU.ActiveCfg = Debug|Any CPU
		{B8AF947C-1BD5-4D8B-A657-B5E44071DE46}.Debug|Any CPU.Build.0 = Debug|Any CPU
		{B8AF947C-1BD5-4D8B-A657-B5E44071DE46}.Release|Any CPU.ActiveCfg = Release|Any CPU
		{B8AF947C-1BD5-4D8B-A657-B5E44071DE46}.Release|Any CPU.Build.0 = Release|Any CPU
		{F77718D0-38E4-4B24-8015-E947FB6CD5F2}.Debug|Any CPU.ActiveCfg = Debug|Any CPU
		{F77718D0-38E4-4B24-8015-E947FB6CD5F2}.Debug|Any CPU.Build.0 = Debug|Any CPU
		{F77718D0-38E4-4B24-8015-E947FB6CD5F2}.Release|Any CPU.ActiveCfg = Release|Any CPU
		{F77718D0-38E4-4B24-8015-E947FB6CD5F2}.Release|Any CPU.Build.0 = Release|Any CPU
		{9F4D95AC-20B5-4429-B5ED-979486B42E0E}.Debug|Any CPU.ActiveCfg = Debug|Any CPU
		{9F4D95AC-20B5-4429-B5ED-979486B42E0E}.Debug|Any CPU.Build.0 = Debug|Any CPU
		{9F4D95AC-20B5-4429-B5ED-979486B42E0E}.Release|Any CPU.ActiveCfg = Release|Any CPU
		{9F4D95AC-20B5-4429-B5ED-979486B42E0E}.Release|Any CPU.Build.0 = Release|Any CPU
		{F92D54B8-6933-470B-9E2C-16B48D6894FD}.Debug|Any CPU.ActiveCfg = Debug|Any CPU
		{F92D54B8-6933-470B-9E2C-16B48D6894FD}.Debug|Any CPU.Build.0 = Debug|Any CPU
		{F92D54B8-6933-470B-9E2C-16B48D6894FD}.Release|Any CPU.ActiveCfg = Release|Any CPU
		{F92D54B8-6933-470B-9E2C-16B48D6894FD}.Release|Any CPU.Build.0 = Release|Any CPU
		{B1F6B1F0-9D63-424E-B959-60FC8DDD7843}.Debug|Any CPU.ActiveCfg = Debug|Any CPU
		{B1F6B1F0-9D63-424E-B959-60FC8DDD7843}.Debug|Any CPU.Build.0 = Debug|Any CPU
		{B1F6B1F0-9D63-424E-B959-60FC8DDD7843}.Release|Any CPU.ActiveCfg = Release|Any CPU
		{B1F6B1F0-9D63-424E-B959-60FC8DDD7843}.Release|Any CPU.Build.0 = Release|Any CPU
	EndGlobalSection
	GlobalSection(SolutionProperties) = preSolution
		HideSolutionNode = FALSE
	EndGlobalSection
	GlobalSection(ExtensibilityGlobals) = postSolution
		SolutionGuid = {1144D526-C087-4158-8731-8DFF7C0A43B2}
	EndGlobalSection
EndGlobal
